{
  "name": "perfect-nails-by-calorina",
  "lockfileVersion": 3,
  "requires": true,
  "packages": {
    "": {
      "dependencies": {
        "clsx": "^2.1.1",
        "lucide-react": "^0.513.0",
        "tailwind-merge": "^3.3.0"
      }
    },
    "node_modules/clsx": {
      "version": "2.1.1",
      "resolved": "https://registry.npmjs.org/clsx/-/clsx-2.1.1.tgz",
      "integrity": "sha512-eYm0QWBtUrBWZWG0d386OGAw16Z995PiOVo2B7bjWSbHedGl5e0ZWaq65kOGgUSNesEIDkB9ISbTg/JK9dhCZA==",
      "engines": {
        "node": ">=6"
      }
    },
    "node_modules/lucide-react": {
      "version": "0.513.0",
      "resolved": "https://registry.npmjs.org/lucide-react/-/lucide-react-0.513.0.tgz",
      "integrity": "sha512-CJZKq2g8Y8yN4Aq002GahSXbG2JpFv9kXwyiOAMvUBv7pxeOFHUWKB0mO7MiY4ZVFCV4aNjv2BJFq/z3DgKPQg==",
      "peerDependencies": {
        "react": "^16.5.1 || ^17.0.0 || ^18.0.0 || ^19.0.0"
      }
    },
    "node_modules/react": {
      "version": "19.1.0",
      "resolved": "https://registry.npmjs.org/react/-/react-19.1.0.tgz",
      "integrity": "sha512-FS+XFBNvn3GTAWq26joslQgWNoFu08F4kl0J4CgdNKADkdSGXQyTCnKteIAJy96Br6YbpEU1LSzV5dYtjMkMDg==",
      "peer": true,
      "engines": {
        "node": ">=0.10.0"
      }
    },
    "node_modules/tailwind-merge": {
      "version": "3.3.0",
      "resolved": "https://registry.npmjs.org/tailwind-merge/-/tailwind-merge-3.3.0.tgz",
      "integrity": "sha512-fyW/pEfcQSiigd5SNn0nApUOxx0zB/dm6UDU/rEwc2c3sX2smWUNbapHv+QRqLGVp9GWX3THIa7MUGPo+YkDzQ==",
      "funding": {
        "type": "github",
        "url": "https://github.com/sponsors/dcastil"
      }
    }
  }
}
